
Microsoft Visual Studio Solution File, Format Version 12.00
# Visual Studio Version 17
VisualStudioVersion = 17.1.32421.90
MinimumVisualStudioVersion = 10.0.40219.1
Project("{FAE04EC0-301F-11D3-BF4B-00C04F79EFBC}") = "TeamBuilder", "TeamBuilder\TeamBuilder.csproj", "{89EFC620-E2B1-4A65-BDBD-7CFD9E994712}"
EndProject
Global
	GlobalSection(SolutionConfigurationPlatforms) = preSolution
		Debug|Any CPU = Debug|Any CPU
		Release|Any CPU = Release|Any CPU
	EndGlobalSection
	GlobalSection(ProjectConfigurationPlatforms) = postSolution
		{89EFC620-E2B1-4A65-BDBD-7CFD9E994712}.Debug|Any CPU.ActiveCfg = Debug|Any CPU
		{89EFC620-E2B1-4A65-BDBD-7CFD9E994712}.Debug|Any CPU.Build.0 = Debug|Any CPU
		{89EFC620-E2B1-4A65-BDBD-7CFD9E994712}.Release|Any CPU.ActiveCfg = Release|Any CPU
		{89EFC620-E2B1-4A65-BDBD-7CFD9E994712}.Release|Any CPU.Build.0 = Release|Any CPU
	EndGlobalSection
	GlobalSection(SolutionProperties) = preSolution
		HideSolutionNode = FALSE
	EndGlobalSection
	GlobalSection(ExtensibilityGlobals) = postSolution
		SolutionGuid = {EC878893-E7D2-44B5-939F-D163B61DEDD5}
	EndGlobalSection
EndGlobal
